github.com/go-asn1-ber/asn1-ber v1.3.1 h1:gvPdv/Hr++TRFCl0UbPFHC54P9N9jgsRPnmnr419Uck=
github.com/go-asn1-ber/asn1-ber v1.3.1/go.mod h1:hEBeB/ic+5LoWskz+yKT7vGhhPYkProFKoKdwZRWMe0=
github.com/go-ldap/ldap v3.0.3+incompatible h1:HTeSZO8hWMS1Rgb2Ziku6b8a7qRIZZMHjsvuZyatzwk=
github.com/go-ldap/ldap/v3 v3.1.5 h1:5o1ik2It7MJoXwoS7JXWUebf18L7E1VWBBgYV/iVsN0=
github.com/go-ldap/ldap/v3 v3.1.5/go.mod h1:5Zun81jBTabRaI8lzN7E1JjyEl1g6zI6u9pd8luAK4Q=
github.com/jtblin/go-ldap-client v0.0.0-20170223121919-b73f66626b33 h1:XDpFOMOZq0u0Ar4F0p/wklqQXp/AMV1pTF5T5bDoUfQ=
github.com/jtblin/go-ldap-client v0.0.0-20170223121919-b73f66626b33/go.mod h1:+0BcLY5d54TVv6irFzHoiFvwAHR6T0g9B+by/UaS9T0=
gopkg.in/ldap.v2 v2.5.1 h1:wiu0okdNfjlBzg6UWvd1Hn8Y+Ux17/u/4nlk4CQr6tU=
gopkg.in/ldap.v2 v2.5.1/go.mod h1:oI0cpe/D7HRtBQl8aTg+ZmzFUAvu4lsv3eLXMLGFxWk=
